// !$*UTF8*$!
{
	archiveVersion = 1;
	classes = {
	};
	objectVersion = 50;
	objects = {

/* Begin PBXBuildFile section */
		3135EBA62469F39300FCFA90 /* AppDelegate.swift in Sources */ = {isa = PBXBuildFile; fileRef = 3135EBA52469F39300FCFA90 /* AppDelegate.swift */; };
		3135EBAA2469F39300FCFA90 /* FriendsListView.swift in Sources */ = {isa = PBXBuildFile; fileRef = 3135EBA92469F39300FCFA90 /* FriendsListView.swift */; };
		3135EBB02469F39300FCFA90 /* FriendsList.xcdatamodeld in Sources */ = {isa = PBXBuildFile; fileRef = 3135EBAE2469F39300FCFA90 /* FriendsList.xcdatamodeld */; };
		3135EBB22469F39D00FCFA90 /* Assets.xcassets in Resources */ = {isa = PBXBuildFile; fileRef = 3135EBB12469F39D00FCFA90 /* Assets.xcassets */; };
		3135EBB52469F39D00FCFA90 /* LaunchScreen.storyboard in Resources */ = {isa = PBXBuildFile; fileRef = 3135EBB32469F39D00FCFA90 /* LaunchScreen.storyboard */; };
		3135EBC3246F307100FCFA90 /* Alamofire.framework in Frameworks */ = {isa = PBXBuildFile; fileRef = 3135EBC1246F307100FCFA90 /* Alamofire.framework */; };
		3135EBC4246F307100FCFA90 /* Alamofire.framework in Embed Frameworks */ = {isa = PBXBuildFile; fileRef = 3135EBC1246F307100FCFA90 /* Alamofire.framework */; settings = {ATTRIBUTES = (CodeSignOnCopy, RemoveHeadersOnCopy, ); }; };
		3135EBC5246F307100FCFA90 /* SwiftyJSON.framework in Frameworks */ = {isa = PBXBuildFile; fileRef = 3135EBC2246F307100FCFA90 /* SwiftyJSON.framework */; };
		3135EBC6246F307100FCFA90 /* SwiftyJSON.framework in Embed Frameworks */ = {isa = PBXBuildFile; fileRef = 3135EBC2246F307100FCFA90 /* SwiftyJSON.framework */; settings = {ATTRIBUTES = (CodeSignOnCopy, RemoveHeadersOnCopy, ); }; };
		3144A1FB247D7CE9000EE372 /* DataProvider.swift in Sources */ = {isa = PBXBuildFile; fileRef = 3144A1FA247D7CE9000EE372 /* DataProvider.swift */; };
		3149EF262476940A00B1A229 /* UserModel.swift in Sources */ = {isa = PBXBuildFile; fileRef = 3149EF252476940A00B1A229 /* UserModel.swift */; };
		3149EF2B2476BC8500B1A229 /* Constants.swift in Sources */ = {isa = PBXBuildFile; fileRef = 3149EF2A2476BC8500B1A229 /* Constants.swift */; };
		3149EF2D2476BFAD00B1A229 /* FriendsListProtocols.swift in Sources */ = {isa = PBXBuildFile; fileRef = 3149EF2C2476BFAD00B1A229 /* FriendsListProtocols.swift */; };
		3149EF2F2476E64E00B1A229 /* UserProfileView.swift in Sources */ = {isa = PBXBuildFile; fileRef = 3149EF2E2476E64E00B1A229 /* UserProfileView.swift */; };
		3149EF312476E67D00B1A229 /* UserProfileProtocols.swift in Sources */ = {isa = PBXBuildFile; fileRef = 3149EF302476E67D00B1A229 /* UserProfileProtocols.swift */; };
		3149EF372476EBF900B1A229 /* FriendsListRouter.swift in Sources */ = {isa = PBXBuildFile; fileRef = 3149EF362476EBF900B1A229 /* FriendsListRouter.swift */; };
		3149EF392476F7BC00B1A229 /* UserProfileRouter.swift in Sources */ = {isa = PBXBuildFile; fileRef = 3149EF382476F7BC00B1A229 /* UserProfileRouter.swift */; };
		3149EF3B247828EC00B1A229 /* FriendsListViewCell.swift in Sources */ = {isa = PBXBuildFile; fileRef = 3149EF3A247828EC00B1A229 /* FriendsListViewCell.swift */; };
		3149EF3D247C346000B1A229 /* TagCell.swift in Sources */ = {isa = PBXBuildFile; fileRef = 3149EF3C247C345F00B1A229 /* TagCell.swift */; };
		314A109A2475854F00DE3A1F /* FriendsListInteractor.swift in Sources */ = {isa = PBXBuildFile; fileRef = 314A10992475854F00DE3A1F /* FriendsListInteractor.swift */; };
		314A109C247587AA00DE3A1F /* FriendsListPresenter.swift in Sources */ = {isa = PBXBuildFile; fileRef = 314A109B247587AA00DE3A1F /* FriendsListPresenter.swift */; };
		314A109F2475887B00DE3A1F /* UserProfileInteractor.swift in Sources */ = {isa = PBXBuildFile; fileRef = 314A109E2475887B00DE3A1F /* UserProfileInteractor.swift */; };
		314A10A12475888C00DE3A1F /* UserProfilePresenter.swift in Sources */ = {isa = PBXBuildFile; fileRef = 314A10A02475888C00DE3A1F /* UserProfilePresenter.swift */; };
		314CCD132481882000EC4568 /* DataManager.swift in Sources */ = {isa = PBXBuildFile; fileRef = 314CCD122481882000EC4568 /* DataManager.swift */; };
/* End PBXBuildFile section */

/* Begin PBXCopyFilesBuildPhase section */
		3135EBC7246F307100FCFA90 /* Embed Frameworks */ = {
			isa = PBXCopyFilesBuildPhase;
			buildActionMask = 2147483647;
			dstPath = "";
			dstSubfolderSpec = 10;
			files = (
				3135EBC6246F307100FCFA90 /* SwiftyJSON.framework in Embed Frameworks */,
				3135EBC4246F307100FCFA90 /* Alamofire.framework in Embed Frameworks */,
			);
			name = "Embed Frameworks";
			runOnlyForDeploymentPostprocessing = 0;
		};
/* End PBXCopyFilesBuildPhase section */

/* Begin PBXFileReference section */
		3135EBA22469F39300FCFA90 /* FriendsList.app */ = {isa = PBXFileReference; explicitFileType = wrapper.application; includeInIndex = 0; path = FriendsList.app; sourceTree = BUILT_PRODUCTS_DIR; };
		3135EBA52469F39300FCFA90 /* AppDelegate.swift */ = {isa = PBXFileReference; lastKnownFileType = sourcecode.swift; path = AppDelegate.swift; sourceTree = "<group>"; };
		3135EBA92469F39300FCFA90 /* FriendsListView.swift */ = {isa = PBXFileReference; lastKnownFileType = sourcecode.swift; path = FriendsListView.swift; sourceTree = "<group>"; };
		3135EBAF2469F39300FCFA90 /* FriendsList.xcdatamodel */ = {isa = PBXFileReference; lastKnownFileType = wrapper.xcdatamodel; path = FriendsList.xcdatamodel; sourceTree = "<group>"; };
		3135EBB12469F39D00FCFA90 /* Assets.xcassets */ = {isa = PBXFileReference; lastKnownFileType = folder.assetcatalog; path = Assets.xcassets; sourceTree = "<group>"; };
		3135EBB42469F39D00FCFA90 /* Base */ = {isa = PBXFileReference; lastKnownFileType = file.storyboard; name = Base; path = Base.lproj/LaunchScreen.storyboard; sourceTree = "<group>"; };
		3135EBB62469F39D00FCFA90 /* Info.plist */ = {isa = PBXFileReference; lastKnownFileType = text.plist.xml; path = Info.plist; sourceTree = "<group>"; };
		3135EBBF246F302C00FCFA90 /* SwiftyJSON.framework.dSYM */ = {isa = PBXFileReference; lastKnownFileType = wrapper.dsym; name = SwiftyJSON.framework.dSYM; path = Carthage/Build/iOS/SwiftyJSON.framework.dSYM; sourceTree = "<group>"; };
		3135EBC0246F302C00FCFA90 /* Alamofire.framework.dSYM */ = {isa = PBXFileReference; lastKnownFileType = wrapper.dsym; name = Alamofire.framework.dSYM; path = Carthage/Build/iOS/Alamofire.framework.dSYM; sourceTree = "<group>"; };
		3135EBC1246F307100FCFA90 /* Alamofire.framework */ = {isa = PBXFileReference; lastKnownFileType = wrapper.framework; name = Alamofire.framework; path = Carthage/Build/iOS/Alamofire.framework; sourceTree = "<group>"; };
		3135EBC2246F307100FCFA90 /* SwiftyJSON.framework */ = {isa = PBXFileReference; lastKnownFileType = wrapper.framework; name = SwiftyJSON.framework; path = Carthage/Build/iOS/SwiftyJSON.framework; sourceTree = "<group>"; };
		3144A1FA247D7CE9000EE372 /* DataProvider.swift */ = {isa = PBXFileReference; lastKnownFileType = sourcecode.swift; path = DataProvider.swift; sourceTree = "<group>"; };
		3149EF252476940A00B1A229 /* UserModel.swift */ = {isa = PBXFileReference; lastKnownFileType = sourcecode.swift; path = UserModel.swift; sourceTree = "<group>"; };
		3149EF2A2476BC8500B1A229 /* Constants.swift */ = {isa = PBXFileReference; lastKnownFileType = sourcecode.swift; path = Constants.swift; sourceTree = "<group>"; };
		3149EF2C2476BFAD00B1A229 /* FriendsListProtocols.swift */ = {isa = PBXFileReference; lastKnownFileType = sourcecode.swift; path = FriendsListProtocols.swift; sourceTree = "<group>"; };
		3149EF2E2476E64E00B1A229 /* UserProfileView.swift */ = {isa = PBXFileReference; lastKnownFileType = sourcecode.swift; path = UserProfileView.swift; sourceTree = "<group>"; };
		3149EF302476E67D00B1A229 /* UserProfileProtocols.swift */ = {isa = PBXFileReference; lastKnownFileType = sourcecode.swift; path = UserProfileProtocols.swift; sourceTree = "<group>"; };
		3149EF362476EBF900B1A229 /* FriendsListRouter.swift */ = {isa = PBXFileReference; lastKnownFileType = sourcecode.swift; path = FriendsListRouter.swift; sourceTree = "<group>"; };
		3149EF382476F7BC00B1A229 /* UserProfileRouter.swift */ = {isa = PBXFileReference; lastKnownFileType = sourcecode.swift; path = UserProfileRouter.swift; sourceTree = "<group>"; };
		3149EF3A247828EC00B1A229 /* FriendsListViewCell.swift */ = {isa = PBXFileReference; lastKnownFileType = sourcecode.swift; path = FriendsListViewCell.swift; sourceTree = "<group>"; };
		3149EF3C247C345F00B1A229 /* TagCell.swift */ = {isa = PBXFileReference; lastKnownFileType = sourcecode.swift; path = TagCell.swift; sourceTree = "<group>"; };
		314A10992475854F00DE3A1F /* FriendsListInteractor.swift */ = {isa = PBXFileReference; lastKnownFileType = sourcecode.swift; path = FriendsListInteractor.swift; sourceTree = "<group>"; };
		314A109B247587AA00DE3A1F /* FriendsListPresenter.swift */ = {isa = PBXFileReference; lastKnownFileType = sourcecode.swift; path = FriendsListPresenter.swift; sourceTree = "<group>"; };
		314A109E2475887B00DE3A1F /* UserProfileInteractor.swift */ = {isa = PBXFileReference; lastKnownFileType = sourcecode.swift; path = UserProfileInteractor.swift; sourceTree = "<group>"; };
		314A10A02475888C00DE3A1F /* UserProfilePresenter.swift */ = {isa = PBXFileReference; lastKnownFileType = sourcecode.swift; path = UserProfilePresenter.swift; sourceTree = "<group>"; };
		314CCD122481882000EC4568 /* DataManager.swift */ = {isa = PBXFileReference; lastKnownFileType = sourcecode.swift; path = DataManager.swift; sourceTree = "<group>"; };
/* End PBXFileReference section */

/* Begin PBXFrameworksBuildPhase section */
		3135EB9F2469F39300FCFA90 /* Frameworks */ = {
			isa = PBXFrameworksBuildPhase;
			buildActionMask = 2147483647;
			files = (
				3135EBC5246F307100FCFA90 /* SwiftyJSON.framework in Frameworks */,
				3135EBC3246F307100FCFA90 /* Alamofire.framework in Frameworks */,
			);
			runOnlyForDeploymentPostprocessing = 0;
		};
/* End PBXFrameworksBuildPhase section */

/* Begin PBXGroup section */
		3135EB992469F39300FCFA90 = {
			isa = PBXGroup;
			children = (
				3135EBA42469F39300FCFA90 /* FriendsList */,
				3135EBA32469F39300FCFA90 /* Products */,
				3135EBBE246F302B00FCFA90 /* Frameworks */,
			);
			sourceTree = "<group>";
		};
		3135EBA32469F39300FCFA90 /* Products */ = {
			isa = PBXGroup;
			children = (
				3135EBA22469F39300FCFA90 /* FriendsList.app */,
			);
			name = Products;
			sourceTree = "<group>";
		};
		3135EBA42469F39300FCFA90 /* FriendsList */ = {
			isa = PBXGroup;
			children = (
				3135EBA52469F39300FCFA90 /* AppDelegate.swift */,
				3149EF2A2476BC8500B1A229 /* Constants.swift */,
				3149EF272476941000B1A229 /* Enity */,
				314A10A22475889000DE3A1F /* UserProfileModule */,
				314A109D2475884700DE3A1F /* FriendsListModule */,
				3135EBB12469F39D00FCFA90 /* Assets.xcassets */,
				3135EBB32469F39D00FCFA90 /* LaunchScreen.storyboard */,
				3135EBB62469F39D00FCFA90 /* Info.plist */,
			);
			path = FriendsList;
			sourceTree = "<group>";
		};
		3135EBBE246F302B00FCFA90 /* Frameworks */ = {
			isa = PBXGroup;
			children = (
				3135EBC1246F307100FCFA90 /* Alamofire.framework */,
				3135EBC2246F307100FCFA90 /* SwiftyJSON.framework */,
				3135EBC0246F302C00FCFA90 /* Alamofire.framework.dSYM */,
				3135EBBF246F302C00FCFA90 /* SwiftyJSON.framework.dSYM */,
			);
			name = Frameworks;
			sourceTree = "<group>";
		};
		3149EF272476941000B1A229 /* Enity */ = {
			isa = PBXGroup;
			children = (
				3144A1FA247D7CE9000EE372 /* DataProvider.swift */,
				314CCD122481882000EC4568 /* DataManager.swift */,
				3135EBAE2469F39300FCFA90 /* FriendsList.xcdatamodeld */,
				3149EF252476940A00B1A229 /* UserModel.swift */,
			);
			path = Enity;
			sourceTree = "<group>";
		};
		314A109D2475884700DE3A1F /* FriendsListModule */ = {
			isa = PBXGroup;
			children = (
				3149EF2C2476BFAD00B1A229 /* FriendsListProtocols.swift */,
				314A10992475854F00DE3A1F /* FriendsListInteractor.swift */,
				3135EBA92469F39300FCFA90 /* FriendsListView.swift */,
				3149EF3A247828EC00B1A229 /* FriendsListViewCell.swift */,
				314A109B247587AA00DE3A1F /* FriendsListPresenter.swift */,
				3149EF362476EBF900B1A229 /* FriendsListRouter.swift */,
			);
			path = FriendsListModule;
			sourceTree = "<group>";
		};
		314A10A22475889000DE3A1F /* UserProfileModule */ = {
			isa = PBXGroup;
			children = (
				314A109E2475887B00DE3A1F /* UserProfileInteractor.swift */,
				314A10A02475888C00DE3A1F /* UserProfilePresenter.swift */,
				3149EF2E2476E64E00B1A229 /* UserProfileView.swift */,
				3149EF3C247C345F00B1A229 /* TagCell.swift */,
				3149EF302476E67D00B1A229 /* UserProfileProtocols.swift */,
				3149EF382476F7BC00B1A229 /* UserProfileRouter.swift */,
			);
			path = UserProfileModule;
			sourceTree = "<group>";
		};
/* End PBXGroup section */

/* Begin PBXNativeTarget section */
		3135EBA12469F39300FCFA90 /* FriendsList */ = {
			isa = PBXNativeTarget;
			buildConfigurationList = 3135EBB92469F39D00FCFA90 /* Build configuration list for PBXNativeTarget "FriendsList" */;
			buildPhases = (
				3135EB9E2469F39300FCFA90 /* Sources */,
				3135EB9F2469F39300FCFA90 /* Frameworks */,
				3135EBA02469F39300FCFA90 /* Resources */,
				3135EBC7246F307100FCFA90 /* Embed Frameworks */,
				3135EBC8246F30B000FCFA90 /* ShellScript */,
			);
			buildRules = (
			);
			dependencies = (
			);
			name = FriendsList;
			productName = FriendsList;
			productReference = 3135EBA22469F39300FCFA90 /* FriendsList.app */;
			productType = "com.apple.product-type.application";
		};
/* End PBXNativeTarget section */

/* Begin PBXProject section */
		3135EB9A2469F39300FCFA90 /* Project object */ = {
			isa = PBXProject;
			attributes = {
				LastSwiftUpdateCheck = 1140;
				LastUpgradeCheck = 1140;
				ORGANIZATIONNAME = zombewnew;
				TargetAttributes = {
					3135EBA12469F39300FCFA90 = {
						CreatedOnToolsVersion = 11.4.1;
					};
				};
			};
			buildConfigurationList = 3135EB9D2469F39300FCFA90 /* Build configuration list for PBXProject "FriendsList" */;
			compatibilityVersion = "Xcode 9.3";
			developmentRegion = en;
			hasScannedForEncodings = 0;
			knownRegions = (
				en,
				Base,
			);
			mainGroup = 3135EB992469F39300FCFA90;
			productRefGroup = 3135EBA32469F39300FCFA90 /* Products */;
			projectDirPath = "";
			projectRoot = "";
			targets = (
				3135EBA12469F39300FCFA90 /* FriendsList */,
			);
		};
/* End PBXProject section */

/* Begin PBXResourcesBuildPhase section */
		3135EBA02469F39300FCFA90 /* Resources */ = {
			isa = PBXResourcesBuildPhase;
			buildActionMask = 2147483647;
			files = (
				3135EBB52469F39D00FCFA90 /* LaunchScreen.storyboard in Resources */,
				3135EBB22469F39D00FCFA90 /* Assets.xcassets in Resources */,
			);
			runOnlyForDeploymentPostprocessing = 0;
		};
/* End PBXResourcesBuildPhase section */

/* Begin PBXShellScriptBuildPhase section */
		3135EBC8246F30B000FCFA90 /* ShellScript */ = {
			isa = PBXShellScriptBuildPhase;
			buildActionMask = 2147483647;
			files = (
			);
			inputFileListPaths = (
			);
			inputPaths = (
				"$(SRCROOT)/Carthage/Build/iOS/Alamofire.framework",
				"$(SRCROOT)/Carthage/Build/iOS/SwiftyJSON.framework",
			);
			outputFileListPaths = (
			);
			outputPaths = (
			);
			runOnlyForDeploymentPostprocessing = 0;
			shellPath = /bin/sh;
			shellScript = "# Type a script or drag a script file from your workspace to insert its path.\n/usr/local/bin/carthage copy-frameworks\n";
		};
/* End PBXShellScriptBuildPhase section */

/* Begin PBXSourcesBuildPhase section */
		3135EB9E2469F39300FCFA90 /* Sources */ = {
			isa = PBXSourcesBuildPhase;
			buildActionMask = 2147483647;
			files = (
				314A109A2475854F00DE3A1F /* FriendsListInteractor.swift in Sources */,
				3149EF2B2476BC8500B1A229 /* Constants.swift in Sources */,
				3149EF312476E67D00B1A229 /* UserProfileProtocols.swift in Sources */,
				3149EF3D247C346000B1A229 /* TagCell.swift in Sources */,
				314A109F2475887B00DE3A1F /* UserProfileInteractor.swift in Sources */,
				3149EF2D2476BFAD00B1A229 /* FriendsListProtocols.swift in Sources */,
				3144A1FB247D7CE9000EE372 /* DataProvider.swift in Sources */,
				314A10A12475888C00DE3A1F /* UserProfilePresenter.swift in Sources */,
				3149EF2F2476E64E00B1A229 /* UserProfileView.swift in Sources */,
				3135EBAA2469F39300FCFA90 /* FriendsListView.swift in Sources */,
				3149EF372476EBF900B1A229 /* FriendsListRouter.swift in Sources */,
				3149EF392476F7BC00B1A229 /* UserProfileRouter.swift in Sources */,
				3149EF3B247828EC00B1A229 /* FriendsListViewCell.swift in Sources */,
				314CCD132481882000EC4568 /* DataManager.swift in Sources */,
				3149EF262476940A00B1A229 /* UserModel.swift in Sources */,
				314A109C247587AA00DE3A1F /* FriendsListPresenter.swift in Sources */,
				3135EBA62469F39300FCFA90 /* AppDelegate.swift in Sources */,
				3135EBB02469F39300FCFA90 /* FriendsList.xcdatamodeld in Sources */,
			);
			runOnlyForDeploymentPostprocessing = 0;
		};
/* End PBXSourcesBuildPhase section */

/* Begin PBXVariantGroup section */
		3135EBB32469F39D00FCFA90 /* LaunchScreen.storyboard */ = {
			isa = PBXVariantGroup;
			children = (
				3135EBB42469F39D00FCFA90 /* Base */,
			);
			name = LaunchScreen.storyboard;
			sourceTree = "<group>";
		};
/* End PBXVariantGroup section */

/* Begin XCBuildConfiguration section */
		3135EBB72469F39D00FCFA90 /* Debug */ = {
			isa = XCBuildConfiguration;
			buildSettings = {
				ALWAYS_SEARCH_USER_PATHS = NO;
				CLANG_ANALYZER_NONNULL = YES;
				CLANG_ANALYZER_NUMBER_OBJECT_CONVERSION = YES_AGGRESSIVE;
				CLANG_CXX_LANGUAGE_STANDARD = "gnu++14";
				CLANG_CXX_LIBRARY = "libc++";
				CLANG_ENABLE_MODULES = YES;
				CLANG_ENABLE_OBJC_ARC = YES;
				CLANG_ENABLE_OBJC_WEAK = YES;
				CLANG_WARN_BLOCK_CAPTURE_AUTORELEASING = YES;
				CLANG_WARN_BOOL_CONVERSION = YES;
				CLANG_WARN_COMMA = YES;
				CLANG_WARN_CONSTANT_CONVERSION = YES;
				CLANG_WARN_DEPRECATED_OBJC_IMPLEMENTATIONS = YES;
				CLANG_WARN_DIRECT_OBJC_ISA_USAGE = YES_ERROR;
				CLANG_WARN_DOCUMENTATION_COMMENTS = YES;
				CLANG_WARN_EMPTY_BODY = YES;
				CLANG_WARN_ENUM_CONVERSION = YES;
				CLANG_WARN_INFINITE_RECURSION = YES;
				CLANG_WARN_INT_CONVERSION = YES;
				CLANG_WARN_NON_LITERAL_NULL_CONVERSION = YES;
				CLANG_WARN_OBJC_IMPLICIT_RETAIN_SELF = YES;
				CLANG_WARN_OBJC_LITERAL_CONVERSION = YES;
				CLANG_WARN_OBJC_ROOT_CLASS = YES_ERROR;
				CLANG_WARN_RANGE_LOOP_ANALYSIS = YES;
				CLANG_WARN_STRICT_PROTOTYPES = YES;
				CLANG_WARN_SUSPICIOUS_MOVE = YES;
				CLANG_WARN_UNGUARDED_AVAILABILITY = YES_AGGRESSIVE;
				CLANG_WARN_UNREACHABLE_CODE = YES;
				CLANG_WARN__DUPLICATE_METHOD_MATCH = YES;
				COPY_PHASE_STRIP = NO;
				DEBUG_INFORMATION_FORMAT = dwarf;
				ENABLE_STRICT_OBJC_MSGSEND = YES;
				ENABLE_TESTABILITY = YES;
				GCC_C_LANGUAGE_STANDARD = gnu11;
				GCC_DYNAMIC_NO_PIC = NO;
				GCC_NO_COMMON_BLOCKS = YES;
				GCC_OPTIMIZATION_LEVEL = 0;
				GCC_PREPROCESSOR_DEFINITIONS = (
					"DEBUG=1",
					"$(inherited)",
				);
				GCC_WARN_64_TO_32_BIT_CONVERSION = YES;
				GCC_WARN_ABOUT_RETURN_TYPE = YES_ERROR;
				GCC_WARN_UNDECLARED_SELECTOR = YES;
				GCC_WARN_UNINITIALIZED_AUTOS = YES_AGGRESSIVE;
				GCC_WARN_UNUSED_FUNCTION = YES;
				GCC_WARN_UNUSED_VARIABLE = YES;
				IPHONEOS_DEPLOYMENT_TARGET = 13.4;
				MTL_ENABLE_DEBUG_INFO = INCLUDE_SOURCE;
				MTL_FAST_MATH = YES;
				ONLY_ACTIVE_ARCH = YES;
				SDKROOT = iphoneos;
				SWIFT_ACTIVE_COMPILATION_CONDITIONS = DEBUG;
				SWIFT_OPTIMIZATION_LEVEL = "-Onone";
			};
			name = Debug;
		};
		3135EBB82469F39D00FCFA90 /* Release */ = {
			isa = XCBuildConfiguration;
			buildSettings = {
				ALWAYS_SEARCH_USER_PATHS = NO;
				CLANG_ANALYZER_NONNULL = YES;
				CLANG_ANALYZER_NUMBER_OBJECT_CONVERSION = YES_AGGRESSIVE;
				CLANG_CXX_LANGUAGE_STANDARD = "gnu++14";
				CLANG_CXX_LIBRARY = "libc++";
				CLANG_ENABLE_MODULES = YES;
				CLANG_ENABLE_OBJC_ARC = YES;
				CLANG_ENABLE_OBJC_WEAK = YES;
				CLANG_WARN_BLOCK_CAPTURE_AUTORELEASING = YES;
				CLANG_WARN_BOOL_CONVERSION = YES;
				CLANG_WARN_COMMA = YES;
				CLANG_WARN_CONSTANT_CONVERSION = YES;
				CLANG_WARN_DEPRECATED_OBJC_IMPLEMENTATIONS = YES;
				CLANG_WARN_DIRECT_OBJC_ISA_USAGE = YES_ERROR;
				CLANG_WARN_DOCUMENTATION_COMMENTS = YES;
				CLANG_WARN_EMPTY_BODY = YES;
				CLANG_WARN_ENUM_CONVERSION = YES;
				CLANG_WARN_INFINITE_RECURSION = YES;
				CLANG_WARN_INT_CONVERSION = YES;
				CLANG_WARN_NON_LITERAL_NULL_CONVERSION = YES;
				CLANG_WARN_OBJC_IMPLICIT_RETAIN_SELF = YES;
				CLANG_WARN_OBJC_LITERAL_CONVERSION = YES;
				CLANG_WARN_OBJC_ROOT_CLASS = YES_ERROR;
				CLANG_WARN_RANGE_LOOP_ANALYSIS = YES;
				CLANG_WARN_STRICT_PROTOTYPES = YES;
				CLANG_WARN_SUSPICIOUS_MOVE = YES;
				CLANG_WARN_UNGUARDED_AVAILABILITY = YES_AGGRESSIVE;
				CLANG_WARN_UNREACHABLE_CODE = YES;
				CLANG_WARN__DUPLICATE_METHOD_MATCH = YES;
				COPY_PHASE_STRIP = NO;
				DEBUG_INFORMATION_FORMAT = "dwarf-with-dsym";
				ENABLE_NS_ASSERTIONS = NO;
				ENABLE_STRICT_OBJC_MSGSEND = YES;
				GCC_C_LANGUAGE_STANDARD = gnu11;
				GCC_NO_COMMON_BLOCKS = YES;
				GCC_WARN_64_TO_32_BIT_CONVERSION = YES;
				GCC_WARN_ABOUT_RETURN_TYPE = YES_ERROR;
				GCC_WARN_UNDECLARED_SELECTOR = YES;
				GCC_WARN_UNINITIALIZED_AUTOS = YES_AGGRESSIVE;
				GCC_WARN_UNUSED_FUNCTION = YES;
				GCC_WARN_UNUSED_VARIABLE = YES;
				IPHONEOS_DEPLOYMENT_TARGET = 13.4;
				MTL_ENABLE_DEBUG_INFO = NO;
				MTL_FAST_MATH = YES;
				SDKROOT = iphoneos;
				SWIFT_COMPILATION_MODE = wholemodule;
				SWIFT_OPTIMIZATION_LEVEL = "-O";
				VALIDATE_PRODUCT = YES;
			};
			name = Release;
		};
		3135EBBA2469F39D00FCFA90 /* Debug */ = {
			isa = XCBuildConfiguration;
			buildSettings = {
				ASSETCATALOG_COMPILER_APPICON_NAME = AppIcon;
				CODE_SIGN_STYLE = Automatic;
				DEVELOPMENT_ASSET_PATHS = "";
				DEVELOPMENT_TEAM = 57KY8J228F;
				FRAMEWORK_SEARCH_PATHS = (
					"$(inherited)",
					"$(PROJECT_DIR)/Carthage/Build/iOS",
				);
				INFOPLIST_FILE = FriendsList/Info.plist;
				IPHONEOS_DEPLOYMENT_TARGET = 11.0;
				LD_RUNPATH_SEARCH_PATHS = (
					"$(inherited)",
					"@executable_path/Frameworks",
				);
				PRODUCT_BUNDLE_IDENTIFIER = com.zombewnew.FriendsList;
				PRODUCT_NAME = "$(TARGET_NAME)";
				SWIFT_VERSION = 5.0;
				TARGETED_DEVICE_FAMILY = 1;
			};
			name = Debug;
		};
		3135EBBB2469F39D00FCFA90 /* Release */ = {
			isa = XCBuildConfiguration;
			buildSettings = {
				ASSETCATALOG_COMPILER_APPICON_NAME = AppIcon;
				CODE_SIGN_STYLE = Automatic;
				DEVELOPMENT_ASSET_PATHS = "";
				DEVELOPMENT_TEAM = 57KY8J228F;
				FRAMEWORK_SEARCH_PATHS = (
					"$(inherited)",
					"$(PROJECT_DIR)/Carthage/Build/iOS",
				);
				INFOPLIST_FILE = FriendsList/Info.plist;
				IPHONEOS_DEPLOYMENT_TARGET = 11.0;
				LD_RUNPATH_SEARCH_PATHS = (
					"$(inherited)",
					"@executable_path/Frameworks",
				);
				PRODUCT_BUNDLE_IDENTIFIER = com.zombewnew.FriendsList;
				PRODUCT_NAME = "$(TARGET_NAME)";
				SWIFT_VERSION = 5.0;
				TARGETED_DEVICE_FAMILY = 1;
			};
			name = Release;
		};
/* End XCBuildConfiguration section */

/* Begin XCConfigurationList section */
		3135EB9D2469F39300FCFA90 /* Build configuration list for PBXProject "FriendsList" */ = {
			isa = XCConfigurationList;
			buildConfigurations = (
				3135EBB72469F39D00FCFA90 /* Debug */,
				3135EBB82469F39D00FCFA90 /* Release */,
			);
			defaultConfigurationIsVisible = 0;
			defaultConfigurationName = Release;
		};
		3135EBB92469F39D00FCFA90 /* Build configuration list for PBXNativeTarget "FriendsList" */ = {
			isa = XCConfigurationList;
			buildConfigurations = (
				3135EBBA2469F39D00FCFA90 /* Debug */,
				3135EBBB2469F39D00FCFA90 /* Release */,
			);
			defaultConfigurationIsVisible = 0;
			defaultConfigurationName = Release;
		};
/* End XCConfigurationList section */

/* Begin XCVersionGroup section */
		3135EBAE2469F39300FCFA90 /* FriendsList.xcdatamodeld */ = {
			isa = XCVersionGroup;
			children = (
				3135EBAF2469F39300FCFA90 /* FriendsList.xcdatamodel */,
			);
			currentVersion = 3135EBAF2469F39300FCFA90 /* FriendsList.xcdatamodel */;
			path = FriendsList.xcdatamodeld;
			sourceTree = "<group>";
			versionGroupType = wrapper.xcdatamodel;
		};
/* End XCVersionGroup section */
	};
	rootObject = 3135EB9A2469F39300FCFA90 /* Project object */;
}
